# generated by rye
# use `rye lock` or `rye sync` to update this lockfile
#
# last locked with the following flags:
#   pre: false
#   features: []
#   all-features: false
#   with-sources: false

-e file:.
annotated-types==0.6.0
    # via pydantic
click==8.1.7
    # via typer
markdown-it-py==3.0.0
    # via rich
mdurl==0.1.2
    # via markdown-it-py
psycopg==3.1.18
    # via gimad
psycopg-binary==3.1.18
    # via psycopg
pydantic==2.7.0
    # via pydantic-settings
pydantic-core==2.18.1
    # via pydantic
pydantic-settings==2.2.1
    # via gimad
pygments==2.17.2
    # via rich
python-dotenv==1.0.1
    # via pydantic-settings
rich==13.7.1
    # via typer
shellingham==1.5.4
    # via typer
typer==0.12.3
    # via gimad
typing-extensions==4.11.0
    # via psycopg
    # via pydantic
    # via pydantic-core
    # via typer
